{
  "version": 4,
  "terraform_version": "0.12.19",
  "serial": 22,
  "lineage": "d9f61f75-ca7a-18c4-4de6-97b003d09d8c",
  "outputs": {},
  "resources": [
    {
      "module": "module.Ubuntu-1",
      "mode": "data",
      "type": "aws_ami",
      "name": "ubuntu",
      "provider": "module.Ubuntu-1.provider.aws",
      "instances": [
        {
          "schema_version": 0,
          "attributes": {
            "architecture": "x86_64",
            "block_device_mappings": [
              {
                "device_name": "/dev/sda1",
                "ebs": {
                  "delete_on_termination": "true",
                  "encrypted": "false",
                  "iops": "0",
                  "snapshot_id": "snap-085a4a617fbfbfcb3",
                  "volume_size": "8",
                  "volume_type": "gp2"
                },
                "no_device": "",
                "virtual_name": ""
              },
              {
                "device_name": "/dev/sdb",
                "ebs": {},
                "no_device": "",
                "virtual_name": "ephemeral0"
              },
              {
                "device_name": "/dev/sdc",
                "ebs": {},
                "no_device": "",
                "virtual_name": "ephemeral1"
              }
            ],
            "creation_date": "2020-01-14T21:59:33.000Z",
            "description": "Canonical, Ubuntu, 16.04 LTS, amd64 xenial image build on 2020-01-10",
            "executable_users": null,
            "filter": [
              {
                "name": "name",
                "values": [
                  "ubuntu/images/hvm-ssd/ubuntu-xenial-16.04-amd64-server-*"
                ]
              },
              {
                "name": "virtualization-type",
                "values": [
                  "hvm"
                ]
              }
            ],
            "hypervisor": "xen",
            "id": "ami-06c94f9acb4ba21b2",
            "image_id": "ami-06c94f9acb4ba21b2",
            "image_location": "099720109477/ubuntu/images/hvm-ssd/ubuntu-xenial-16.04-amd64-server-20200110",
            "image_owner_alias": null,
            "image_type": "machine",
            "kernel_id": null,
            "most_recent": true,
            "name": "ubuntu/images/hvm-ssd/ubuntu-xenial-16.04-amd64-server-20200110",
            "name_regex": null,
            "owner_id": "099720109477",
            "owners": [
              "099720109477"
            ],
            "platform": null,
            "product_codes": [],
            "public": true,
            "ramdisk_id": null,
            "root_device_name": "/dev/sda1",
            "root_device_type": "ebs",
            "root_snapshot_id": "snap-085a4a617fbfbfcb3",
            "sriov_net_support": "simple",
            "state": "available",
            "state_reason": {
              "code": "UNSET",
              "message": "UNSET"
            },
            "tags": {},
            "virtualization_type": "hvm"
          }
        }
      ]
    },
    {
      "module": "module.db_test",
      "mode": "data",
      "type": "aws_iam_policy_document",
      "name": "rds_enhanced_monitoring",
      "provider": "module.db_test.provider.aws",
      "instances": [
        {
          "schema_version": 0,
          "attributes": {
            "id": "1813475199",
            "json": "{\n  \"Version\": \"2012-10-17\",\n  \"Statement\": [\n    {\n      \"Sid\": \"\",\n      \"Effect\": \"Allow\",\n      \"Action\": \"sts:AssumeRole\",\n      \"Principal\": {\n        \"Service\": \"monitoring.rds.amazonaws.com\"\n      }\n    }\n  ]\n}",
            "override_json": null,
            "policy_id": null,
            "source_json": null,
            "statement": [
              {
                "actions": [
                  "sts:AssumeRole"
                ],
                "condition": [],
                "effect": "Allow",
                "not_actions": [],
                "not_principals": [],
                "not_resources": [],
                "principals": [
                  {
                    "identifiers": [
                      "monitoring.rds.amazonaws.com"
                    ],
                    "type": "Service"
                  }
                ],
                "resources": [],
                "sid": ""
              }
            ],
            "version": "2012-10-17"
          }
        }
      ]
    },
    {
      "module": "module.db_test",
      "mode": "data",
      "type": "aws_security_group",
      "name": "default",
      "provider": "module.db_test.provider.aws",
      "instances": [
        {
          "schema_version": 0,
          "attributes": {
            "arn": "arn:aws:ec2:us-west-2:391807337052:security-group/sg-65782723",
            "description": "default VPC security group",
            "filter": null,
            "id": "sg-65782723",
            "name": "default",
            "tags": {},
            "vpc_id": "vpc-a8cc5fd0"
          }
        }
      ]
    },
    {
      "module": "module.Ubuntu-1",
      "mode": "data",
      "type": "aws_security_group",
      "name": "default",
      "provider": "module.Ubuntu-1.provider.aws",
      "instances": [
        {
          "schema_version": 0,
          "attributes": {
            "arn": "arn:aws:ec2:us-west-2:391807337052:security-group/sg-65782723",
            "description": "default VPC security group",
            "filter": null,
            "id": "sg-65782723",
            "name": "default",
            "tags": {},
            "vpc_id": "vpc-a8cc5fd0"
          }
        }
      ]
    },
    {
      "module": "module.db_test",
      "mode": "data",
      "type": "aws_subnet_ids",
      "name": "all",
      "provider": "module.db_test.provider.aws",
      "instances": [
        {
          "schema_version": 0,
          "attributes": {
            "filter": null,
            "id": "vpc-a8cc5fd0",
            "ids": [
              "subnet-2e8e7173",
              "subnet-5674992e",
              "subnet-99c1cfd2",
              "subnet-a1b9ce8a"
            ],
            "tags": null,
            "vpc_id": "vpc-a8cc5fd0"
          }
        }
      ]
    },
    {
      "module": "module.Ubuntu-1",
      "mode": "data",
      "type": "aws_subnet_ids",
      "name": "all",
      "provider": "module.Ubuntu-1.provider.aws",
      "instances": [
        {
          "schema_version": 0,
          "attributes": {
            "filter": null,
            "id": "vpc-a8cc5fd0",
            "ids": [
              "subnet-2e8e7173",
              "subnet-5674992e",
              "subnet-99c1cfd2",
              "subnet-a1b9ce8a"
            ],
            "tags": null,
            "vpc_id": "vpc-a8cc5fd0"
          }
        }
      ]
    },
    {
      "module": "module.db_test",
      "mode": "data",
      "type": "aws_vpc",
      "name": "default",
      "provider": "module.db_test.provider.aws",
      "instances": [
        {
          "schema_version": 0,
          "attributes": {
            "arn": "arn:aws:ec2:us-west-2:391807337052:vpc/vpc-a8cc5fd0",
            "cidr_block": "172.31.0.0/16",
            "cidr_block_associations": [
              {
                "association_id": "vpc-cidr-assoc-870729ed",
                "cidr_block": "172.31.0.0/16",
                "state": "associated"
              }
            ],
            "default": true,
            "dhcp_options_id": "dopt-7ad85002",
            "enable_dns_hostnames": true,
            "enable_dns_support": true,
            "filter": null,
            "id": "vpc-a8cc5fd0",
            "instance_tenancy": "default",
            "ipv6_association_id": null,
            "ipv6_cidr_block": null,
            "main_route_table_id": "rtb-a7e39edc",
            "owner_id": "391807337052",
            "state": "available",
            "tags": {}
          }
        }
      ]
    },
    {
      "module": "module.Ubuntu-1",
      "mode": "data",
      "type": "aws_vpc",
      "name": "default",
      "provider": "module.Ubuntu-1.provider.aws",
      "instances": [
        {
          "schema_version": 0,
          "attributes": {
            "arn": "arn:aws:ec2:us-west-2:391807337052:vpc/vpc-a8cc5fd0",
            "cidr_block": "172.31.0.0/16",
            "cidr_block_associations": [
              {
                "association_id": "vpc-cidr-assoc-870729ed",
                "cidr_block": "172.31.0.0/16",
                "state": "associated"
              }
            ],
            "default": true,
            "dhcp_options_id": "dopt-7ad85002",
            "enable_dns_hostnames": true,
            "enable_dns_support": true,
            "filter": null,
            "id": "vpc-a8cc5fd0",
            "instance_tenancy": "default",
            "ipv6_association_id": null,
            "ipv6_cidr_block": null,
            "main_route_table_id": "rtb-a7e39edc",
            "owner_id": "391807337052",
            "state": "available",
            "tags": {}
          }
        }
      ]
    },
    {
      "module": "module.db_test",
      "mode": "managed",
      "type": "aws_db_instance",
      "name": "visor",
      "provider": "module.db_test.provider.aws",
      "instances": [
        {
          "schema_version": 0,
          "attributes": {
            "address": "visor-master.colkvs6wuzio.us-west-2.rds.amazonaws.com",
            "allocated_storage": 160,
            "allow_major_version_upgrade": null,
            "apply_immediately": null,
            "arn": "arn:aws:rds:us-west-2:391807337052:db:visor-master",
            "auto_minor_version_upgrade": true,
            "availability_zone": "us-west-2d",
            "backup_retention_period": 7,
            "backup_window": "09:46-10:16",
            "ca_cert_identifier": "rds-ca-2019",
            "character_set_name": null,
            "copy_tags_to_snapshot": false,
            "db_subnet_group_name": "default",
            "deletion_protection": false,
            "domain": "",
            "domain_iam_role_name": "",
            "enabled_cloudwatch_logs_exports": [],
            "endpoint": "visor-master.colkvs6wuzio.us-west-2.rds.amazonaws.com:3306",
            "engine": "mysql",
            "engine_version": "5.7.23",
            "final_snapshot_identifier": "final-snapshot",
            "hosted_zone_id": "Z1PVIF0B656C1W",
            "iam_database_authentication_enabled": false,
            "id": "visor-master",
            "identifier": "visor-master",
            "identifier_prefix": null,
            "instance_class": "db.m5.large",
            "iops": 0,
            "kms_key_id": "",
            "license_model": "general-public-license",
            "maintenance_window": "sun:10:23-sun:10:53",
            "max_allocated_storage": 0,
            "monitoring_interval": 30,
            "monitoring_role_arn": "arn:aws:iam::391807337052:role/rds-enhanced-monitoring-20200122214317192100000001",
            "multi_az": true,
            "name": "",
            "option_group_name": "default:mysql-5-7",
            "parameter_group_name": "default.mysql5.7",
            "password": "",
            "performance_insights_enabled": false,
            "performance_insights_kms_key_id": "",
            "performance_insights_retention_period": 0,
            "port": 3306,
            "publicly_accessible": true,
            "replicas": [
              "visor-read-2",
              "visor-read",
              "visor-metrics"
            ],
            "replicate_source_db": "",
            "resource_id": "db-CV2KMTXEQRPMZ4YTMVJD7KTLMY",
            "s3_import": [],
            "security_group_names": [],
            "skip_final_snapshot": false,
            "snapshot_identifier": null,
            "status": "available",
            "storage_encrypted": false,
            "storage_type": "gp2",
            "tags": {},
            "timeouts": null,
            "timezone": "",
            "username": "",
            "vpc_security_group_ids": [
              "sg-65782723"
            ]
          },
          "private": "eyJlMmJmYjczMC1lY2FhLTExZTYtOGY4OC0zNDM2M2JjN2M0YzAiOnsiY3JlYXRlIjoyNDAwMDAwMDAwMDAwLCJkZWxldGUiOjI0MDAwMDAwMDAwMDAsInVwZGF0ZSI6NDgwMDAwMDAwMDAwMH19",
          "dependencies": [
            "module.db_test.aws_iam_role.rds_enhanced_monitoring"
          ]
        }
      ]
    },
    {
      "module": "module.db_test",
      "mode": "managed",
      "type": "aws_db_instance",
      "name": "visor_metrics",
      "provider": "module.db_test.provider.aws",
      "instances": [
        {
          "schema_version": 0,
          "attributes": {
            "address": "visor-metrics.colkvs6wuzio.us-west-2.rds.amazonaws.com",
            "allocated_storage": 160,
            "allow_major_version_upgrade": null,
            "apply_immediately": null,
            "arn": "arn:aws:rds:us-west-2:391807337052:db:visor-metrics",
            "auto_minor_version_upgrade": true,
            "availability_zone": "us-west-2c",
            "backup_retention_period": 0,
            "backup_window": "09:46-10:16",
            "ca_cert_identifier": "rds-ca-2019",
            "character_set_name": null,
            "copy_tags_to_snapshot": false,
            "db_subnet_group_name": "default",
            "deletion_protection": false,
            "domain": "",
            "domain_iam_role_name": "",
            "enabled_cloudwatch_logs_exports": [],
            "endpoint": "visor-metrics.colkvs6wuzio.us-west-2.rds.amazonaws.com:3306",
            "engine": "mysql",
            "engine_version": "5.7.23",
            "final_snapshot_identifier": "final-snapshot-read",
            "hosted_zone_id": "Z1PVIF0B656C1W",
            "iam_database_authentication_enabled": false,
            "id": "visor-metrics",
            "identifier": "visor-metrics",
            "identifier_prefix": null,
            "instance_class": "db.m5.large",
            "iops": 0,
            "kms_key_id": "",
            "license_model": "general-public-license",
            "maintenance_window": "sun:10:23-sun:10:53",
            "max_allocated_storage": 0,
            "monitoring_interval": 30,
            "monitoring_role_arn": "arn:aws:iam::391807337052:role/rds-enhanced-monitoring-20200122214317192100000001",
            "multi_az": false,
            "name": "",
            "option_group_name": "default:mysql-5-7",
            "parameter_group_name": "default.mysql5.7",
            "password": "",
            "performance_insights_enabled": false,
            "performance_insights_kms_key_id": "",
            "performance_insights_retention_period": 0,
            "port": 3306,
            "publicly_accessible": true,
            "replicas": [],
            "replicate_source_db": "visor-master",
            "resource_id": "db-CPKGQD3XQSKURWLY5XYAKPUEFU",
            "s3_import": [],
            "security_group_names": [],
            "skip_final_snapshot": false,
            "snapshot_identifier": null,
            "status": "available",
            "storage_encrypted": false,
            "storage_type": "gp2",
            "tags": {},
            "timeouts": null,
            "timezone": "",
            "username": "",
            "vpc_security_group_ids": [
              "sg-65782723"
            ]
          },
          "private": "eyJlMmJmYjczMC1lY2FhLTExZTYtOGY4OC0zNDM2M2JjN2M0YzAiOnsiY3JlYXRlIjoyNDAwMDAwMDAwMDAwLCJkZWxldGUiOjI0MDAwMDAwMDAwMDAsInVwZGF0ZSI6NDgwMDAwMDAwMDAwMH19",
          "dependencies": [
            "module.db_test.aws_db_instance.visor",
            "module.db_test.aws_iam_role.rds_enhanced_monitoring"
          ]
        }
      ]
    },
    {
      "module": "module.db_test",
      "mode": "managed",
      "type": "aws_db_instance",
      "name": "visor_read",
      "provider": "module.db_test.provider.aws",
      "instances": [
        {
          "schema_version": 0,
          "attributes": {
            "address": "visor-read.colkvs6wuzio.us-west-2.rds.amazonaws.com",
            "allocated_storage": 160,
            "allow_major_version_upgrade": null,
            "apply_immediately": null,
            "arn": "arn:aws:rds:us-west-2:391807337052:db:visor-read",
            "auto_minor_version_upgrade": true,
            "availability_zone": "us-west-2d",
            "backup_retention_period": 0,
            "backup_window": "09:46-10:16",
            "ca_cert_identifier": "rds-ca-2019",
            "character_set_name": null,
            "copy_tags_to_snapshot": false,
            "db_subnet_group_name": "default",
            "deletion_protection": false,
            "domain": "",
            "domain_iam_role_name": "",
            "enabled_cloudwatch_logs_exports": [],
            "endpoint": "visor-read.colkvs6wuzio.us-west-2.rds.amazonaws.com:3306",
            "engine": "mysql",
            "engine_version": "5.7.23",
            "final_snapshot_identifier": "final-snapshot-read",
            "hosted_zone_id": "Z1PVIF0B656C1W",
            "iam_database_authentication_enabled": false,
            "id": "visor-read",
            "identifier": "visor-read",
            "identifier_prefix": null,
            "instance_class": "db.m5.large",
            "iops": 0,
            "kms_key_id": "",
            "license_model": "general-public-license",
            "maintenance_window": "sun:10:23-sun:10:53",
            "max_allocated_storage": 0,
            "monitoring_interval": 30,
            "monitoring_role_arn": "arn:aws:iam::391807337052:role/rds-enhanced-monitoring-20200122214317192100000001",
            "multi_az": false,
            "name": "",
            "option_group_name": "default:mysql-5-7",
            "parameter_group_name": "default.mysql5.7",
            "password": "",
            "performance_insights_enabled": false,
            "performance_insights_kms_key_id": "",
            "performance_insights_retention_period": 0,
            "port": 3306,
            "publicly_accessible": true,
            "replicas": [],
            "replicate_source_db": "visor-master",
            "resource_id": "db-AA3W3VAJC7KP422XT62OYZYAHY",
            "s3_import": [],
            "security_group_names": [],
            "skip_final_snapshot": false,
            "snapshot_identifier": null,
            "status": "available",
            "storage_encrypted": false,
            "storage_type": "gp2",
            "tags": {},
            "timeouts": null,
            "timezone": "",
            "username": "",
            "vpc_security_group_ids": [
              "sg-65782723"
            ]
          },
          "private": "eyJlMmJmYjczMC1lY2FhLTExZTYtOGY4OC0zNDM2M2JjN2M0YzAiOnsiY3JlYXRlIjoyNDAwMDAwMDAwMDAwLCJkZWxldGUiOjI0MDAwMDAwMDAwMDAsInVwZGF0ZSI6NDgwMDAwMDAwMDAwMH19",
          "dependencies": [
            "module.db_test.aws_db_instance.visor",
            "module.db_test.aws_iam_role.rds_enhanced_monitoring"
          ]
        }
      ]
    },
    {
      "module": "module.db_test",
      "mode": "managed",
      "type": "aws_db_instance",
      "name": "visor_read_two",
      "provider": "module.db_test.provider.aws",
      "instances": [
        {
          "schema_version": 0,
          "attributes": {
            "address": "visor-read-2.colkvs6wuzio.us-west-2.rds.amazonaws.com",
            "allocated_storage": 160,
            "allow_major_version_upgrade": null,
            "apply_immediately": null,
            "arn": "arn:aws:rds:us-west-2:391807337052:db:visor-read-2",
            "auto_minor_version_upgrade": true,
            "availability_zone": "us-west-2d",
            "backup_retention_period": 0,
            "backup_window": "09:46-10:16",
            "ca_cert_identifier": "rds-ca-2019",
            "character_set_name": null,
            "copy_tags_to_snapshot": false,
            "db_subnet_group_name": "default",
            "deletion_protection": false,
            "domain": "",
            "domain_iam_role_name": "",
            "enabled_cloudwatch_logs_exports": [],
            "endpoint": "visor-read-2.colkvs6wuzio.us-west-2.rds.amazonaws.com:3306",
            "engine": "mysql",
            "engine_version": "5.7.23",
            "final_snapshot_identifier": "final-snapshot-read",
            "hosted_zone_id": "Z1PVIF0B656C1W",
            "iam_database_authentication_enabled": false,
            "id": "visor-read-2",
            "identifier": "visor-read-2",
            "identifier_prefix": null,
            "instance_class": "db.m5.2xlarge",
            "iops": 0,
            "kms_key_id": "",
            "license_model": "general-public-license",
            "maintenance_window": "sun:10:23-sun:10:53",
            "max_allocated_storage": 0,
            "monitoring_interval": 30,
            "monitoring_role_arn": "arn:aws:iam::391807337052:role/rds-enhanced-monitoring-20200122214317192100000001",
            "multi_az": false,
            "name": "",
            "option_group_name": "default:mysql-5-7",
            "parameter_group_name": "default.mysql5.7",
            "password": "",
            "performance_insights_enabled": false,
            "performance_insights_kms_key_id": "",
            "performance_insights_retention_period": 0,
            "port": 3306,
            "publicly_accessible": true,
            "replicas": [],
            "replicate_source_db": "visor-master",
            "resource_id": "db-Q5AD5AAATKMEGFIMQD5HRJHJP4",
            "s3_import": [],
            "security_group_names": [],
            "skip_final_snapshot": false,
            "snapshot_identifier": null,
            "status": "available",
            "storage_encrypted": false,
            "storage_type": "gp2",
            "tags": {},
            "timeouts": null,
            "timezone": "",
            "username": "",
            "vpc_security_group_ids": [
              "sg-65782723"
            ]
          },
          "private": "eyJlMmJmYjczMC1lY2FhLTExZTYtOGY4OC0zNDM2M2JjN2M0YzAiOnsiY3JlYXRlIjoyNDAwMDAwMDAwMDAwLCJkZWxldGUiOjI0MDAwMDAwMDAwMDAsInVwZGF0ZSI6NDgwMDAwMDAwMDAwMH19",
          "dependencies": [
            "module.db_test.aws_db_instance.visor",
            "module.db_test.aws_iam_role.rds_enhanced_monitoring"
          ]
        }
      ]
    },
    {
      "module": "module.db_test",
      "mode": "managed",
      "type": "aws_iam_role",
      "name": "rds_enhanced_monitoring",
      "provider": "module.db_test.provider.aws",
      "instances": [
        {
          "schema_version": 0,
          "attributes": {
            "arn": "arn:aws:iam::391807337052:role/rds-enhanced-monitoring-20200122214317192100000001",
            "assume_role_policy": "{\"Version\":\"2012-10-17\",\"Statement\":[{\"Sid\":\"\",\"Effect\":\"Allow\",\"Principal\":{\"Service\":\"monitoring.rds.amazonaws.com\"},\"Action\":\"sts:AssumeRole\"}]}",
            "create_date": "2020-01-22T21:43:17Z",
            "description": "",
            "force_detach_policies": false,
            "id": "rds-enhanced-monitoring-20200122214317192100000001",
            "max_session_duration": 3600,
            "name": "rds-enhanced-monitoring-20200122214317192100000001",
            "name_prefix": "rds-enhanced-monitoring-",
            "path": "/",
            "permissions_boundary": null,
            "tags": {},
            "unique_id": "AROAVWOMJQJOOAPC7LEA3"
          },
          "private": "bnVsbA=="
        }
      ]
    },
    {
      "module": "module.db_test",
      "mode": "managed",
      "type": "aws_iam_role_policy_attachment",
      "name": "rds_enhanced_monitoring",
      "provider": "module.db_test.provider.aws",
      "instances": [
        {
          "schema_version": 0,
          "attributes": {
            "id": "rds-enhanced-monitoring-20200122214317192100000001-20200122214706008700000001",
            "policy_arn": "arn:aws:iam::aws:policy/service-role/AmazonRDSEnhancedMonitoringRole",
            "role": "rds-enhanced-monitoring-20200122214317192100000001"
          },
          "private": "bnVsbA==",
          "dependencies": [
            "module.db_test.aws_iam_role.rds_enhanced_monitoring"
          ]
        }
      ]
    },
    {
      "module": "module.Ubuntu-1",
      "mode": "managed",
      "type": "aws_instance",
      "name": "web",
      "provider": "module.Ubuntu-1.provider.aws",
      "instances": [
        {
          "schema_version": 1,
          "attributes": {
            "ami": "ami-06c94f9acb4ba21b2",
            "arn": "arn:aws:ec2:us-west-2:391807337052:instance/i-0be9a6b0f21375880",
            "associate_public_ip_address": true,
            "availability_zone": "us-west-2b",
            "cpu_core_count": 1,
            "cpu_threads_per_core": 1,
            "credit_specification": [
              {
                "cpu_credits": "standard"
              }
            ],
            "disable_api_termination": false,
            "ebs_block_device": [],
            "ebs_optimized": false,
            "ephemeral_block_device": [],
            "get_password_data": false,
            "host_id": null,
            "iam_instance_profile": "",
            "id": "i-0be9a6b0f21375880",
            "instance_initiated_shutdown_behavior": null,
            "instance_state": "running",
            "instance_type": "t2.micro",
            "ipv6_address_count": 0,
            "ipv6_addresses": [],
            "key_name": "kun-IAM-keypair",
            "monitoring": false,
            "network_interface": [],
            "network_interface_id": null,
            "password_data": "",
            "placement_group": "",
            "primary_network_interface_id": "eni-09d097b39bc807d2e",
            "private_dns": "ip-172-31-30-119.us-west-2.compute.internal",
            "private_ip": "172.31.30.119",
            "public_dns": "ec2-34-219-29-90.us-west-2.compute.amazonaws.com",
            "public_ip": "34.219.29.90",
            "root_block_device": [
              {
                "delete_on_termination": true,
                "encrypted": false,
                "iops": 100,
                "kms_key_id": "",
                "volume_id": "vol-08da227c23c1df224",
                "volume_size": 8,
                "volume_type": "gp2"
              }
            ],
            "security_groups": [
              "default"
            ],
            "source_dest_check": true,
            "subnet_id": "subnet-5674992e",
            "tags": {
              "Name": "Test"
            },
            "tenancy": "default",
            "timeouts": null,
            "user_data": null,
            "user_data_base64": null,
            "volume_tags": {},
            "vpc_security_group_ids": [
              "sg-65782723"
            ]
          },
          "private": "eyJlMmJmYjczMC1lY2FhLTExZTYtOGY4OC0zNDM2M2JjN2M0YzAiOnsiY3JlYXRlIjo2MDAwMDAwMDAwMDAsImRlbGV0ZSI6MTIwMDAwMDAwMDAwMCwidXBkYXRlIjo2MDAwMDAwMDAwMDB9LCJzY2hlbWFfdmVyc2lvbiI6IjEifQ=="
        }
      ]
    }
  ]
}
